{
    "_readme": [
        "This file locks the dependencies of your project to a known state",
        "Read more about it at https://getcomposer.org/doc/01-basic-usage.md#installing-dependencies",
        "This file is @generated automatically"
    ],
    "content-hash": "f1ec0361e1c17912134f3d60df9c85cb",
    "packages": [
        {
            "name": "monolog/monolog",
            "version": "2.0.2",
            "source": {
                "type": "git",
                "url": "https://github.com/Seldaek/monolog.git",
                "reference": "c861fcba2ca29404dc9e617eedd9eff4616986b8"
            },
            "dist": {
                "type": "zip",
                "url": "https://api.github.com/repos/Seldaek/monolog/zipball/c861fcba2ca29404dc9e617eedd9eff4616986b8",
                "reference": "c861fcba2ca29404dc9e617eedd9eff4616986b8",
                "shasum": ""
            },
            "require": {
                "php": "^7.2",
                "psr/log": "^1.0.1"
            },
            "provide": {
                "psr/log-implementation": "1.0.0"
            },
            "require-dev": {
                "aws/aws-sdk-php": "^2.4.9 || ^3.0",
                "doctrine/couchdb": "~1.0@dev",
                "elasticsearch/elasticsearch": "^6.0",
                "graylog2/gelf-php": "^1.4.2",
                "jakub-onderka/php-parallel-lint": "^0.9",
                "php-amqplib/php-amqplib": "~2.4",
                "php-console/php-console": "^3.1.3",
                "phpspec/prophecy": "^1.6.1",
                "phpunit/phpunit": "^8.3",
                "predis/predis": "^1.1",
                "rollbar/rollbar": "^1.3",
                "ruflin/elastica": ">=0.90 <3.0",
                "swiftmailer/swiftmailer": "^5.3|^6.0"
            },
            "suggest": {
                "aws/aws-sdk-php": "Allow sending log messages to AWS services like DynamoDB",
                "doctrine/couchdb": "Allow sending log messages to a CouchDB server",
                "elasticsearch/elasticsearch": "Allow sending log messages to an Elasticsearch server via official client",
                "ext-amqp": "Allow sending log messages to an AMQP server (1.0+ required)",
                "ext-mbstring": "Allow to work properly with unicode symbols",
                "ext-mongodb": "Allow sending log messages to a MongoDB server (via driver)",
                "graylog2/gelf-php": "Allow sending log messages to a GrayLog2 server",
                "mongodb/mongodb": "Allow sending log messages to a MongoDB server (via library)",
                "php-amqplib/php-amqplib": "Allow sending log messages to an AMQP server using php-amqplib",
                "php-console/php-console": "Allow sending log messages to Google Chrome",
                "rollbar/rollbar": "Allow sending log messages to Rollbar",
                "ruflin/elastica": "Allow sending log messages to an Elastic Search server"
            },
            "type": "library",
            "extra": {
                "branch-alias": {
                    "dev-master": "2.x-dev"
                }
            },
            "autoload": {
                "psr-4": {
                    "Monolog\\": "src/Monolog"
                }
            },
            "notification-url": "https://packagist.org/downloads/",
            "license": [
                "MIT"
            ],
            "authors": [
                {
                    "name": "Jordi Boggiano",
                    "email": "j.boggiano@seld.be",
                    "homepage": "http://seld.be"
                }
            ],
            "description": "Sends your logs to files, sockets, inboxes, databases and various web services",
            "homepage": "http://github.com/Seldaek/monolog",
            "keywords": [
                "log",
                "logging",
                "psr-3"
            ],
            "time": "2019-12-20T14:22:59+00:00"
        },
        {
            "name": "psr/container",
            "version": "1.0.0",
            "source": {
                "type": "git",
                "url": "https://github.com/php-fig/container.git",
                "reference": "b7ce3b176482dbbc1245ebf52b181af44c2cf55f"
            },
            "dist": {
                "type": "zip",
                "url": "https://api.github.com/repos/php-fig/container/zipball/b7ce3b176482dbbc1245ebf52b181af44c2cf55f",
                "reference": "b7ce3b176482dbbc1245ebf52b181af44c2cf55f",
                "shasum": ""
            },
            "require": {
                "php": ">=5.3.0"
            },
            "type": "library",
            "extra": {
                "branch-alias": {
                    "dev-master": "1.0.x-dev"
                }
            },
            "autoload": {
                "psr-4": {
                    "Psr\\Container\\": "src/"
                }
            },
            "notification-url": "https://packagist.org/downloads/",
            "license": [
                "MIT"
            ],
            "authors": [
                {
                    "name": "PHP-FIG",
                    "homepage": "http://www.php-fig.org/"
                }
            ],
            "description": "Common Container Interface (PHP FIG PSR-11)",
            "homepage": "https://github.com/php-fig/container",
            "keywords": [
                "PSR-11",
                "container",
                "container-interface",
                "container-interop",
                "psr"
            ],
            "time": "2017-02-14T16:28:37+00:00"
        },
        {
            "name": "psr/log",
            "version": "1.1.3",
            "source": {
                "type": "git",
                "url": "https://github.com/php-fig/log.git",
                "reference": "0f73288fd15629204f9d42b7055f72dacbe811fc"
            },
            "dist": {
                "type": "zip",
                "url": "https://api.github.com/repos/php-fig/log/zipball/0f73288fd15629204f9d42b7055f72dacbe811fc",
                "reference": "0f73288fd15629204f9d42b7055f72dacbe811fc",
                "shasum": ""
            },
            "require": {
                "php": ">=5.3.0"
            },
            "type": "library",
            "extra": {
                "branch-alias": {
                    "dev-master": "1.1.x-dev"
                }
            },
            "autoload": {
                "psr-4": {
                    "Psr\\Log\\": "Psr/Log/"
                }
            },
            "notification-url": "https://packagist.org/downloads/",
            "license": [
                "MIT"
            ],
            "authors": [
                {
                    "name": "PHP-FIG",
                    "homepage": "http://www.php-fig.org/"
                }
            ],
            "description": "Common interface for logging libraries",
            "homepage": "https://github.com/php-fig/log",
            "keywords": [
                "log",
                "psr",
                "psr-3"
            ],
            "time": "2020-03-23T09:12:05+00:00"
        },
        {
            "name": "symfony/css-selector",
            "version": "v5.0.8",
            "source": {
                "type": "git",
                "url": "https://github.com/symfony/css-selector.git",
                "reference": "5f8d5271303dad260692ba73dfa21777d38e124e"
            },
            "dist": {
                "type": "zip",
                "url": "https://api.github.com/repos/symfony/css-selector/zipball/5f8d5271303dad260692ba73dfa21777d38e124e",
                "reference": "5f8d5271303dad260692ba73dfa21777d38e124e",
                "shasum": ""
            },
            "require": {
                "php": "^7.2.5"
            },
            "type": "library",
            "extra": {
                "branch-alias": {
                    "dev-master": "5.0-dev"
                }
            },
            "autoload": {
                "psr-4": {
                    "Symfony\\Component\\CssSelector\\": ""
                },
                "exclude-from-classmap": [
                    "/Tests/"
                ]
            },
            "notification-url": "https://packagist.org/downloads/",
            "license": [
                "MIT"
            ],
            "authors": [
                {
                    "name": "Fabien Potencier",
                    "email": "fabien@symfony.com"
                },
                {
                    "name": "Jean-François Simon",
                    "email": "jeanfrancois.simon@sensiolabs.com"
                },
                {
                    "name": "Symfony Community",
                    "homepage": "https://symfony.com/contributors"
                }
            ],
            "description": "Symfony CssSelector Component",
            "homepage": "https://symfony.com",
            "time": "2020-03-27T16:56:45+00:00"
        },
        {
            "name": "symfony/dom-crawler",
            "version": "v5.0.8",
            "source": {
                "type": "git",
                "url": "https://github.com/symfony/dom-crawler.git",
                "reference": "892311d23066844a267ac1a903d8a9d79968a1a7"
            },
            "dist": {
                "type": "zip",
                "url": "https://api.github.com/repos/symfony/dom-crawler/zipball/892311d23066844a267ac1a903d8a9d79968a1a7",
                "reference": "892311d23066844a267ac1a903d8a9d79968a1a7",
                "shasum": ""
            },
            "require": {
                "php": "^7.2.5",
                "symfony/polyfill-ctype": "~1.8",
                "symfony/polyfill-mbstring": "~1.0"
            },
            "conflict": {
                "masterminds/html5": "<2.6"
            },
            "require-dev": {
                "masterminds/html5": "^2.6",
                "symfony/css-selector": "^4.4|^5.0"
            },
            "suggest": {
                "symfony/css-selector": ""
            },
            "type": "library",
            "extra": {
                "branch-alias": {
                    "dev-master": "5.0-dev"
                }
            },
            "autoload": {
                "psr-4": {
                    "Symfony\\Component\\DomCrawler\\": ""
                },
                "exclude-from-classmap": [
                    "/Tests/"
                ]
            },
            "notification-url": "https://packagist.org/downloads/",
            "license": [
                "MIT"
            ],
            "authors": [
                {
                    "name": "Fabien Potencier",
                    "email": "fabien@symfony.com"
                },
                {
                    "name": "Symfony Community",
                    "homepage": "https://symfony.com/contributors"
                }
            ],
            "description": "Symfony DomCrawler Component",
            "homepage": "https://symfony.com",
            "time": "2020-03-30T11:42:42+00:00"
        },
        {
            "name": "symfony/http-client",
            "version": "v5.0.8",
            "source": {
                "type": "git",
                "url": "https://github.com/symfony/http-client.git",
                "reference": "93b41572fbb3b8dd11d4f6f0434bbbbacd8619ab"
            },
            "dist": {
                "type": "zip",
                "url": "https://api.github.com/repos/symfony/http-client/zipball/93b41572fbb3b8dd11d4f6f0434bbbbacd8619ab",
                "reference": "93b41572fbb3b8dd11d4f6f0434bbbbacd8619ab",
                "shasum": ""
            },
            "require": {
                "php": "^7.2.5",
                "psr/log": "^1.0",
                "symfony/http-client-contracts": "^1.1.8|^2",
                "symfony/polyfill-php73": "^1.11",
                "symfony/service-contracts": "^1.0|^2"
            },
            "provide": {
                "php-http/async-client-implementation": "*",
                "php-http/client-implementation": "*",
                "psr/http-client-implementation": "1.0",
                "symfony/http-client-implementation": "1.1"
            },
            "require-dev": {
                "guzzlehttp/promises": "^1.3.1",
                "nyholm/psr7": "^1.0",
                "php-http/httplug": "^1.0|^2.0",
                "psr/http-client": "^1.0",
                "symfony/dependency-injection": "^4.4|^5.0",
                "symfony/http-kernel": "^4.4|^5.0",
                "symfony/process": "^4.4|^5.0"
            },
            "type": "library",
            "extra": {
                "branch-alias": {
                    "dev-master": "5.0-dev"
                }
            },
            "autoload": {
                "psr-4": {
                    "Symfony\\Component\\HttpClient\\": ""
                },
                "exclude-from-classmap": [
                    "/Tests/"
                ]
            },
            "notification-url": "https://packagist.org/downloads/",
            "license": [
                "MIT"
            ],
            "authors": [
                {
                    "name": "Nicolas Grekas",
                    "email": "p@tchwork.com"
                },
                {
                    "name": "Symfony Community",
                    "homepage": "https://symfony.com/contributors"
                }
            ],
            "description": "Symfony HttpClient component",
            "homepage": "https://symfony.com",
            "time": "2020-04-12T16:45:47+00:00"
        },
        {
            "name": "symfony/http-client-contracts",
            "version": "v2.1.1",
            "source": {
                "type": "git",
                "url": "https://github.com/symfony/http-client-contracts.git",
                "reference": "e3ba2688594d8ef284f40348f7efb72cba4edec4"
            },
            "dist": {
                "type": "zip",
                "url": "https://api.github.com/repos/symfony/http-client-contracts/zipball/e3ba2688594d8ef284f40348f7efb72cba4edec4",
                "reference": "e3ba2688594d8ef284f40348f7efb72cba4edec4",
                "shasum": ""
            },
            "require": {
                "php": "^7.2.5"
            },
            "suggest": {
                "symfony/http-client-implementation": ""
            },
            "type": "library",
            "extra": {
                "branch-alias": {
                    "dev-master": "2.1-dev"
                }
            },
            "autoload": {
                "psr-4": {
                    "Symfony\\Contracts\\HttpClient\\": ""
                }
            },
            "notification-url": "https://packagist.org/downloads/",
            "license": [
                "MIT"
            ],
            "authors": [
                {
                    "name": "Nicolas Grekas",
                    "email": "p@tchwork.com"
                },
                {
                    "name": "Symfony Community",
                    "homepage": "https://symfony.com/contributors"
                }
            ],
            "description": "Generic abstractions related to HTTP clients",
            "homepage": "https://symfony.com",
            "keywords": [
                "abstractions",
                "contracts",
                "decoupling",
                "interfaces",
                "interoperability",
                "standards"
            ],
            "time": "2020-05-09T18:37:03+00:00"
        },
        {
            "name": "symfony/polyfill-ctype",
            "version": "v1.17.0",
            "source": {
                "type": "git",
                "url": "https://github.com/symfony/polyfill-ctype.git",
                "reference": "e94c8b1bbe2bc77507a1056cdb06451c75b427f9"
            },
            "dist": {
                "type": "zip",
                "url": "https://api.github.com/repos/symfony/polyfill-ctype/zipball/e94c8b1bbe2bc77507a1056cdb06451c75b427f9",
                "reference": "e94c8b1bbe2bc77507a1056cdb06451c75b427f9",
                "shasum": ""
            },
            "require": {
                "php": ">=5.3.3"
            },
            "suggest": {
                "ext-ctype": "For best performance"
            },
            "type": "library",
            "extra": {
                "branch-alias": {
                    "dev-master": "1.17-dev"
                }
            },
            "autoload": {
                "psr-4": {
                    "Symfony\\Polyfill\\Ctype\\": ""
                },
                "files": [
                    "bootstrap.php"
                ]
            },
            "notification-url": "https://packagist.org/downloads/",
            "license": [
                "MIT"
            ],
            "authors": [
                {
                    "name": "Gert de Pagter",
                    "email": "BackEndTea@gmail.com"
                },
                {
                    "name": "Symfony Community",
                    "homepage": "https://symfony.com/contributors"
                }
            ],
            "description": "Symfony polyfill for ctype functions",
            "homepage": "https://symfony.com",
            "keywords": [
                "compatibility",
                "ctype",
                "polyfill",
                "portable"
            ],
            "time": "2020-05-12T16:14:59+00:00"
        },
        {
            "name": "symfony/polyfill-mbstring",
            "version": "v1.17.0",
            "source": {
                "type": "git",
                "url": "https://github.com/symfony/polyfill-mbstring.git",
                "reference": "fa79b11539418b02fc5e1897267673ba2c19419c"
            },
            "dist": {
                "type": "zip",
                "url": "https://api.github.com/repos/symfony/polyfill-mbstring/zipball/fa79b11539418b02fc5e1897267673ba2c19419c",
                "reference": "fa79b11539418b02fc5e1897267673ba2c19419c",
                "shasum": ""
            },
            "require": {
                "php": ">=5.3.3"
            },
            "suggest": {
                "ext-mbstring": "For best performance"
            },
            "type": "library",
            "extra": {
                "branch-alias": {
                    "dev-master": "1.17-dev"
                }
            },
            "autoload": {
                "psr-4": {
                    "Symfony\\Polyfill\\Mbstring\\": ""
                },
                "files": [
                    "bootstrap.php"
                ]
            },
            "notification-url": "https://packagist.org/downloads/",
            "license": [
                "MIT"
            ],
            "authors": [
                {
                    "name": "Nicolas Grekas",
                    "email": "p@tchwork.com"
                },
                {
                    "name": "Symfony Community",
                    "homepage": "https://symfony.com/contributors"
                }
            ],
            "description": "Symfony polyfill for the Mbstring extension",
            "homepage": "https://symfony.com",
            "keywords": [
                "compatibility",
                "mbstring",
                "polyfill",
                "portable",
                "shim"
            ],
            "time": "2020-05-12T16:47:27+00:00"
        },
        {
            "name": "symfony/polyfill-php73",
            "version": "v1.17.0",
            "source": {
                "type": "git",
                "url": "https://github.com/symfony/polyfill-php73.git",
                "reference": "a760d8964ff79ab9bf057613a5808284ec852ccc"
            },
            "dist": {
                "type": "zip",
                "url": "https://api.github.com/repos/symfony/polyfill-php73/zipball/a760d8964ff79ab9bf057613a5808284ec852ccc",
                "reference": "a760d8964ff79ab9bf057613a5808284ec852ccc",
                "shasum": ""
            },
            "require": {
                "php": ">=5.3.3"
            },
            "type": "library",
            "extra": {
                "branch-alias": {
                    "dev-master": "1.17-dev"
                }
            },
            "autoload": {
                "psr-4": {
                    "Symfony\\Polyfill\\Php73\\": ""
                },
                "files": [
                    "bootstrap.php"
                ],
                "classmap": [
                    "Resources/stubs"
                ]
            },
            "notification-url": "https://packagist.org/downloads/",
            "license": [
                "MIT"
            ],
            "authors": [
                {
                    "name": "Nicolas Grekas",
                    "email": "p@tchwork.com"
                },
                {
                    "name": "Symfony Community",
                    "homepage": "https://symfony.com/contributors"
                }
            ],
            "description": "Symfony polyfill backporting some PHP 7.3+ features to lower PHP versions",
            "homepage": "https://symfony.com",
            "keywords": [
                "compatibility",
                "polyfill",
                "portable",
                "shim"
            ],
            "time": "2020-05-12T16:47:27+00:00"
        },
        {
            "name": "symfony/service-contracts",
            "version": "v2.0.1",
            "source": {
                "type": "git",
                "url": "https://github.com/symfony/service-contracts.git",
                "reference": "144c5e51266b281231e947b51223ba14acf1a749"
            },
            "dist": {
                "type": "zip",
                "url": "https://api.github.com/repos/symfony/service-contracts/zipball/144c5e51266b281231e947b51223ba14acf1a749",
                "reference": "144c5e51266b281231e947b51223ba14acf1a749",
                "shasum": ""
            },
            "require": {
                "php": "^7.2.5",
                "psr/container": "^1.0"
            },
            "suggest": {
                "symfony/service-implementation": ""
            },
            "type": "library",
            "extra": {
                "branch-alias": {
                    "dev-master": "2.0-dev"
                }
            },
            "autoload": {
                "psr-4": {
                    "Symfony\\Contracts\\Service\\": ""
                }
            },
            "notification-url": "https://packagist.org/downloads/",
            "license": [
                "MIT"
            ],
            "authors": [
                {
                    "name": "Nicolas Grekas",
                    "email": "p@tchwork.com"
                },
                {
                    "name": "Symfony Community",
                    "homepage": "https://symfony.com/contributors"
                }
            ],
            "description": "Generic abstractions related to writing services",
            "homepage": "https://symfony.com",
            "keywords": [
                "abstractions",
                "contracts",
                "decoupling",
                "interfaces",
                "interoperability",
                "standards"
            ],
            "time": "2019-11-18T17:27:11+00:00"
        }
    ],
    "packages-dev": [],
    "aliases": [],
    "minimum-stability": "stable",
    "stability-flags": [],
    "prefer-stable": false,
    "prefer-lowest": false,
    "platform": [],
    "platform-dev": []
}
